
Microsoft Visual Studio Solution File, Format Version 12.00
# Visual Studio Version 17
VisualStudioVersion = 17.5.33502.453
MinimumVisualStudioVersion = 10.0.40219.1
Project("{FAE04EC0-301F-11D3-BF4B-00C04F79EFBC}") = "collections", "collections.csproj", "{474523E2-B8A5-43F5-9397-8C758CCCF020}"
EndProject
Global
	GlobalSection(SolutionConfigurationPlatforms) = preSolution
		Debug|Any CPU = Debug|Any CPU
		Release|Any CPU = Release|Any CPU
	EndGlobalSection
	GlobalSection(ProjectConfigurationPlatforms) = postSolution
		{474523E2-B8A5-43F5-9397-8C758CCCF020}.Debug|Any CPU.ActiveCfg = Debug|Any CPU
		{474523E2-B8A5-43F5-9397-8C758CCCF020}.Debug|Any CPU.Build.0 = Debug|Any CPU
		{474523E2-B8A5-43F5-9397-8C758CCCF020}.Release|Any CPU.ActiveCfg = Release|Any CPU
		{474523E2-B8A5-43F5-9397-8C758CCCF020}.Release|Any CPU.Build.0 = Release|Any CPU
	EndGlobalSection
	GlobalSection(SolutionProperties) = preSolution
		HideSolutionNode = FALSE
	EndGlobalSection
	GlobalSection(ExtensibilityGlobals) = postSolution
		SolutionGuid = {0EA7B6FD-FAA2-43A8-A4C8-5D33483667C1}
	EndGlobalSection
EndGlobal
